
Microsoft Visual Studio Solution File, Format Version 12.00
# Visual Studio Version 17
VisualStudioVersion = 17.12.35707.178
MinimumVisualStudioVersion = 10.0.40219.1
Project("{FAE04EC0-301F-11D3-BF4B-00C04F79EFBC}") = "FL1", "FL1\FL1.csproj", "{F25A7A88-3206-4380-B7D1-74FFCA7F2A60}"
EndProject
Project("{FAE04EC0-301F-11D3-BF4B-00C04F79EFBC}") = "ColorSwapper", "ColorSwapper\ColorSwapper.csproj", "{D73ADE5C-F714-4EFC-A5C0-68EF2D64670B}"
EndProject
Project("{FAE04EC0-301F-11D3-BF4B-00C04F79EFBC}") = "ColorChanger", "ColorChanger\ColorChanger.csproj", "{77C63349-CC38-4324-BDA3-4C05FDDC622E}"
EndProject
Project("{FAE04EC0-301F-11D3-BF4B-00C04F79EFBC}") = "FL2", "FL2\FL2.csproj", "{2A4E6139-CB9D-4079-9B7D-CCE51F2384E5}"
EndProject
Project("{FAE04EC0-301F-11D3-BF4B-00C04F79EFBC}") = "Yatzy", "Yatzy\Yatzy.csproj", "{C5F9AD39-F80F-4705-93EA-CB0D437C4F0B}"
EndProject
Project("{2150E333-8FDC-42A3-9474-1A3956D46DE8}") = "Solution Items", "Solution Items", "{8EB68348-37F5-4A12-99F3-9B5F1463D18C}"
	ProjectSection(SolutionItems) = preProject
		anteckningar.txt = anteckningar.txt
	EndProjectSection
EndProject
Project("{FAE04EC0-301F-11D3-BF4B-00C04F79EFBC}") = "FL4", "FL4\FL4.csproj", "{D8D6C8C9-BA9E-4DF5-8305-8BAA348871F4}"
EndProject
Project("{FAE04EC0-301F-11D3-BF4B-00C04F79EFBC}") = "FL5", "FL5\FL5.csproj", "{CC15E5AD-C0D9-4B38-9562-A1D4D2A07470}"
EndProject
Global
	GlobalSection(SolutionConfigurationPlatforms) = preSolution
		Debug|Any CPU = Debug|Any CPU
		Release|Any CPU = Release|Any CPU
	EndGlobalSection
	GlobalSection(ProjectConfigurationPlatforms) = postSolution
		{F25A7A88-3206-4380-B7D1-74FFCA7F2A60}.Debug|Any CPU.ActiveCfg = Debug|Any CPU
		{F25A7A88-3206-4380-B7D1-74FFCA7F2A60}.Debug|Any CPU.Build.0 = Debug|Any CPU
		{F25A7A88-3206-4380-B7D1-74FFCA7F2A60}.Release|Any CPU.ActiveCfg = Release|Any CPU
		{F25A7A88-3206-4380-B7D1-74FFCA7F2A60}.Release|Any CPU.Build.0 = Release|Any CPU
		{D73ADE5C-F714-4EFC-A5C0-68EF2D64670B}.Debug|Any CPU.ActiveCfg = Debug|Any CPU
		{D73ADE5C-F714-4EFC-A5C0-68EF2D64670B}.Debug|Any CPU.Build.0 = Debug|Any CPU
		{D73ADE5C-F714-4EFC-A5C0-68EF2D64670B}.Release|Any CPU.ActiveCfg = Release|Any CPU
		{D73ADE5C-F714-4EFC-A5C0-68EF2D64670B}.Release|Any CPU.Build.0 = Release|Any CPU
		{77C63349-CC38-4324-BDA3-4C05FDDC622E}.Debug|Any CPU.ActiveCfg = Debug|Any CPU
		{77C63349-CC38-4324-BDA3-4C05FDDC622E}.Debug|Any CPU.Build.0 = Debug|Any CPU
		{77C63349-CC38-4324-BDA3-4C05FDDC622E}.Release|Any CPU.ActiveCfg = Release|Any CPU
		{77C63349-CC38-4324-BDA3-4C05FDDC622E}.Release|Any CPU.Build.0 = Release|Any CPU
		{2A4E6139-CB9D-4079-9B7D-CCE51F2384E5}.Debug|Any CPU.ActiveCfg = Debug|Any CPU
		{2A4E6139-CB9D-4079-9B7D-CCE51F2384E5}.Debug|Any CPU.Build.0 = Debug|Any CPU
		{2A4E6139-CB9D-4079-9B7D-CCE51F2384E5}.Release|Any CPU.ActiveCfg = Release|Any CPU
		{2A4E6139-CB9D-4079-9B7D-CCE51F2384E5}.Release|Any CPU.Build.0 = Release|Any CPU
		{C5F9AD39-F80F-4705-93EA-CB0D437C4F0B}.Debug|Any CPU.ActiveCfg = Debug|Any CPU
		{C5F9AD39-F80F-4705-93EA-CB0D437C4F0B}.Debug|Any CPU.Build.0 = Debug|Any CPU
		{C5F9AD39-F80F-4705-93EA-CB0D437C4F0B}.Release|Any CPU.ActiveCfg = Release|Any CPU
		{C5F9AD39-F80F-4705-93EA-CB0D437C4F0B}.Release|Any CPU.Build.0 = Release|Any CPU
		{D8D6C8C9-BA9E-4DF5-8305-8BAA348871F4}.Debug|Any CPU.ActiveCfg = Debug|Any CPU
		{D8D6C8C9-BA9E-4DF5-8305-8BAA348871F4}.Debug|Any CPU.Build.0 = Debug|Any CPU
		{D8D6C8C9-BA9E-4DF5-8305-8BAA348871F4}.Release|Any CPU.ActiveCfg = Release|Any CPU
		{D8D6C8C9-BA9E-4DF5-8305-8BAA348871F4}.Release|Any CPU.Build.0 = Release|Any CPU
		{CC15E5AD-C0D9-4B38-9562-A1D4D2A07470}.Debug|Any CPU.ActiveCfg = Debug|Any CPU
		{CC15E5AD-C0D9-4B38-9562-A1D4D2A07470}.Debug|Any CPU.Build.0 = Debug|Any CPU
		{CC15E5AD-C0D9-4B38-9562-A1D4D2A07470}.Release|Any CPU.ActiveCfg = Release|Any CPU
		{CC15E5AD-C0D9-4B38-9562-A1D4D2A07470}.Release|Any CPU.Build.0 = Release|Any CPU
	EndGlobalSection
	GlobalSection(SolutionProperties) = preSolution
		HideSolutionNode = FALSE
	EndGlobalSection
EndGlobal
